PODS:
  - Stone (0.0.2)
  - SwiftLint (0.35.0)

DEPENDENCIES:
  - Stone (from `../`)
  - SwiftLint

SPEC REPOS:
  trunk:
    - SwiftLint

EXTERNAL SOURCES:
  Stone:
    :path: "../"

SPEC CHECKSUMS:
  Stone: 7614258c53a429169c4bdfa76a90ee7bfef771cc
  SwiftLint: 5553187048b900c91aa03552807681bb6b027846

PODFILE CHECKSUM: 04d63e3d0dc0a786ea937322a23d645b597d0705

COCOAPODS: 1.8.0
